
Microsoft Visual Studio Solution File, Format Version 9.00
# Visual Studio 2005
Project("{FAE04EC0-301F-11D3-BF4B-00C04F79EFBC}") = "DataCollect", "DataCollect\DataCollect.csproj", "{D6E91EA3-1A0A-4691-99A3-2AB7BF6F8306}"
EndProject
Project("{54435603-DBB4-11D2-8724-00A0C9A8B90C}") = "Setup1", "Setup1\Setup1.vdproj", "{59080A95-E950-458B-8C19-E5198A3B2099}"
EndProject
Global
	GlobalSection(SubversionScc) = preSolution
		Svn-Managed = True
		Manager = AnkhSVN - Subversion Support for Visual Studio
	EndGlobalSection
	GlobalSection(SolutionConfigurationPlatforms) = preSolution
		Debug|Any CPU = Debug|Any CPU
		Release|Any CPU = Release|Any CPU
	EndGlobalSection
	GlobalSection(ProjectConfigurationPlatforms) = postSolution
		{D6E91EA3-1A0A-4691-99A3-2AB7BF6F8306}.Debug|Any CPU.ActiveCfg = Debug|Any CPU
		{D6E91EA3-1A0A-4691-99A3-2AB7BF6F8306}.Debug|Any CPU.Build.0 = Debug|Any CPU
		{D6E91EA3-1A0A-4691-99A3-2AB7BF6F8306}.Release|Any CPU.ActiveCfg = Release|Any CPU
		{D6E91EA3-1A0A-4691-99A3-2AB7BF6F8306}.Release|Any CPU.Build.0 = Release|Any CPU
		{59080A95-E950-458B-8C19-E5198A3B2099}.Debug|Any CPU.ActiveCfg = Debug
		{59080A95-E950-458B-8C19-E5198A3B2099}.Release|Any CPU.ActiveCfg = Release
	EndGlobalSection
	GlobalSection(SolutionProperties) = preSolution
		HideSolutionNode = FALSE
	EndGlobalSection
EndGlobal
